
Microsoft Visual Studio Solution File, Format Version 12.00
# Visual Studio Version 17
VisualStudioVersion = 17.7.34202.233
MinimumVisualStudioVersion = 10.0.40219.1
Project("{FAE04EC0-301F-11D3-BF4B-00C04F79EFBC}") = "JokesWebApp", "JokesWebApp\JokesWebApp.csproj", "{A73C8BA0-526C-4C7B-9570-7D0829972E44}"
EndProject
Global
	GlobalSection(SolutionConfigurationPlatforms) = preSolution
		Debug|Any CPU = Debug|Any CPU
		Release|Any CPU = Release|Any CPU
	EndGlobalSection
	GlobalSection(ProjectConfigurationPlatforms) = postSolution
		{A73C8BA0-526C-4C7B-9570-7D0829972E44}.Debug|Any CPU.ActiveCfg = Debug|Any CPU
		{A73C8BA0-526C-4C7B-9570-7D0829972E44}.Debug|Any CPU.Build.0 = Debug|Any CPU
		{A73C8BA0-526C-4C7B-9570-7D0829972E44}.Release|Any CPU.ActiveCfg = Release|Any CPU
		{A73C8BA0-526C-4C7B-9570-7D0829972E44}.Release|Any CPU.Build.0 = Release|Any CPU
	EndGlobalSection
	GlobalSection(SolutionProperties) = preSolution
		HideSolutionNode = FALSE
	EndGlobalSection
	GlobalSection(ExtensibilityGlobals) = postSolution
		SolutionGuid = {D93518C1-9558-4BB6-A434-18B7C9C6CBE8}
	EndGlobalSection
EndGlobal
